{
  "name": "agentbox-dev",
  "version": "0.0.0",
  "lockfileVersion": 3,
  "requires": true,
  "packages": {
    "": {
      "name": "agentbox-dev",
      "version": "0.0.0",
      "devDependencies": {
        "@wasm-fmt/shfmt": "0.2.7",
        "husky": "9.1.7"
      },
      "engines": {
        "node": ">=22"
      }
    },
    "node_modules/@wasm-fmt/shfmt": {
      "version": "0.2.7",
      "resolved": "https://registry.npmjs.org/@wasm-fmt/shfmt/-/shfmt-0.2.7.tgz",
      "integrity": "sha512-bxmf5pXBHe3ujjc2iEoXqRXKgrQmR44jHLZ9G5BsKsb5moDWsuqsISs+88Ov9/SAI88caXYIsP02U4c4YDQpIQ==",
      "dev": true,
      "license": "MIT",
      "engines": {
        "node": ">=16.17.0"
      }
    },
    "node_modules/husky": {
      "version": "9.1.7",
      "resolved": "https://registry.npmjs.org/husky/-/husky-9.1.7.tgz",
      "integrity": "sha512-5gs5ytaNjBrh5Ow3zrvdUUY+0VxIuWVL4i9irt6friV+BqdCfmV11CQTWMiBYWHbXhco+J1kHfTOUkePhCDvMA==",
      "dev": true,
      "license": "MIT",
      "bin": {
        "husky": "bin.js"
      },
      "engines": {
        "node": ">=18"
      },
      "funding": {
        "url": "https://github.com/sponsors/typicode"
      }
    }
  }
}
